# DDD Evidence Lock
# Immutable, append-only record of external source provenance.
# Each entry records: source, version, digest, independence, freshness.
# Updated by: ddd-scope skill (lock step)
# Schema: SPEC.md §7.3

# Entries are appended, never modified. Supersession creates a new entry.
schema_version: 0.1.0

entries:
  - id: EL-001
    schema_version: 0.1.0
    source_class: standard
    source_url: https://agentskills.io
    publisher: agentskills.io
    product: Agent Skills Specification
    version: "1.0"
    retrieved_at: 2026-08-30T00:00:00Z
    content_digest: sha256:placeholder-agentskills-io-spec
    doc_version: "2026-08-30"
    sections: ["SKILL.md format", "YAML frontmatter", "Progressive disclosure"]
    status: normative
    authority_for: [skill-format, packaging]
    freshness: 365d
    adapter: web-fetch
    license: MIT
    independence: external
    superseded_by: null
    notes: "Agent Skills specification — defines SKILL.md format, frontmatter requirements, progressive disclosure pattern"
